
Microsoft Visual Studio Solution File, Format Version 12.00
# Visual Studio Version 16
VisualStudioVersion = 16.0.31702.278
MinimumVisualStudioVersion = 10.0.40219.1
Project("{FAE04EC0-301F-11D3-BF4B-00C04F79EFBC}") = "WebserviceClient", "WebserviceClient.csproj", "{FCE87EDB-A4C9-4103-BB46-A738CF1EC302}"
EndProject
Global
	GlobalSection(SolutionConfigurationPlatforms) = preSolution
		Debug|Any CPU = Debug|Any CPU
		Release|Any CPU = Release|Any CPU
	EndGlobalSection
	GlobalSection(ProjectConfigurationPlatforms) = postSolution
		{FCE87EDB-A4C9-4103-BB46-A738CF1EC302}.Debug|Any CPU.ActiveCfg = Debug|Any CPU
		{FCE87EDB-A4C9-4103-BB46-A738CF1EC302}.Debug|Any CPU.Build.0 = Debug|Any CPU
		{FCE87EDB-A4C9-4103-BB46-A738CF1EC302}.Release|Any CPU.ActiveCfg = Release|Any CPU
		{FCE87EDB-A4C9-4103-BB46-A738CF1EC302}.Release|Any CPU.Build.0 = Release|Any CPU
	EndGlobalSection
	GlobalSection(SolutionProperties) = preSolution
		HideSolutionNode = FALSE
	EndGlobalSection
	GlobalSection(ExtensibilityGlobals) = postSolution
		SolutionGuid = {83D8B92D-CD14-4B5A-BC2D-30CD7CC3792A}
	EndGlobalSection
EndGlobal
